<?xml version="1.0" encoding="utf-8"?>
<Project ToolsVersion="4.0" xmlns="http://schemas.microsoft.com/developer/msbuild/2003">
  <ItemGroup>
    <Filter Include="Pliki źródłowe">
      <UniqueIdentifier>{4FC737F1-C7A5-4376-A066-2A32D752A2FF}</UniqueIdentifier>
      <Extensions>cpp;c;cc;cxx;def;odl;idl;hpj;bat;asm;asmx</Extensions>
    </Filter>
    <Filter Include="Pliki nagłówkowe">
      <UniqueIdentifier>{93995380-89BD-4b04-88EB-625FBE52EBFB}</UniqueIdentifier>
      <Extensions>h;hh;hpp;hxx;hm;inl;inc;xsd</Extensions>
    </Filter>
    <Filter Include="Pliki zasobów">
      <UniqueIdentifier>{67DA6AB6-F800-4c08-8B7A-83BB121AAD01}</UniqueIdentifier>
      <Extensions>rc;ico;cur;bmp;dlg;rc2;rct;bin;rgs;gif;jpg;jpeg;jpe;resx;tiff;tif;png;wav;mfcribbon-ms</Extensions>
    </Filter>
    <Filter Include="Pliki nagłówkowe\CLIENT">
      <UniqueIdentifier>{ce86e85c-e6db-40ee-bbe7-14a15f6e0509}</UniqueIdentifier>
    </Filter>
    <Filter Include="Pliki źródłowe\CLIENT">
      <UniqueIdentifier>{625d5337-5456-4a65-8b2e-5eea4cb49325}</UniqueIdentifier>
    </Filter>
    <Filter Include="Pliki nagłówkowe\PHYSICS_MODULE">
      <UniqueIdentifier>{868088e8-f3d0-4885-b41a-05a1ad0bfbc4}</UniqueIdentifier>
    </Filter>
    <Filter Include="Pliki nagłówkowe\GRAPHICS_MODULE">
      <UniqueIdentifier>{ae5a3b09-1858-4653-b78b-5df9f1b0fe30}</UniqueIdentifier>
    </Filter>
    <Filter Include="Pliki nagłówkowe\ACTIONS_MODULE">
      <UniqueIdentifier>{abcf64bb-a420-4c61-9c39-575c19b93fa5}</UniqueIdentifier>
    </Filter>
    <Filter Include="Pliki źródłowe\ACTIONS_MODULE">
      <UniqueIdentifier>{04688661-4629-44cb-9aae-16cbf212441a}</UniqueIdentifier>
    </Filter>
    <Filter Include="Pliki źródłowe\GRAPHICS_MODULE">
      <UniqueIdentifier>{833e67c6-322b-4044-9746-e9f40c2cbb47}</UniqueIdentifier>
    </Filter>
    <Filter Include="Pliki źródłowe\PHYSICS_MODULE">
      <UniqueIdentifier>{6878732c-bc92-434d-bd54-cef9366c89c6}</UniqueIdentifier>
    </Filter>
    <Filter Include="Pliki nagłówkowe\OBJECTS">
      <UniqueIdentifier>{e1067ce3-9c23-490a-ab7f-21c59bd1046d}</UniqueIdentifier>
    </Filter>
    <Filter Include="Pliki źródłowe\OBJECTS">
      <UniqueIdentifier>{7f176f92-5529-466d-ae36-f2d89b80f775}</UniqueIdentifier>
    </Filter>
    <Filter Include="Pliki nagłówkowe\INIT">
      <UniqueIdentifier>{56318b2e-9c6b-43df-9968-2ca54c7914b9}</UniqueIdentifier>
    </Filter>
    <Filter Include="Pliki źródłowe\INIT">
      <UniqueIdentifier>{bb1ffc43-9f42-497e-ac5e-db1b7fa3373c}</UniqueIdentifier>
    </Filter>
    <Filter Include="Pliki nagłówkowe\OTHER">
      <UniqueIdentifier>{12f208a5-b996-4c19-aa7c-41f0817e5475}</UniqueIdentifier>
    </Filter>
    <Filter Include="Pliki źródłowe\OTHER">
      <UniqueIdentifier>{ad95198a-b136-41f5-a1f4-967d213fa8f0}</UniqueIdentifier>
    </Filter>
    <Filter Include="Pliki nagłówkowe\MANAGERS">
      <UniqueIdentifier>{4308f98f-befd-43a6-83b5-4b091ae840e6}</UniqueIdentifier>
    </Filter>
    <Filter Include="Pliki źródłowe\MANAGERS">
      <UniqueIdentifier>{b5451885-0524-484c-91d7-d7ebeb5366ae}</UniqueIdentifier>
    </Filter>
    <Filter Include="Pliki nagłówkowe\CONSOLE">
      <UniqueIdentifier>{49622181-a43c-4454-b955-7890b71dc663}</UniqueIdentifier>
    </Filter>
    <Filter Include="Pliki źródłowe\CONSOLE">
      <UniqueIdentifier>{c97d1611-d65e-47e6-bcdf-208ae4ba1489}</UniqueIdentifier>
    </Filter>
    <Filter Include="Pliki nagłówkowe\WINAPI">
      <UniqueIdentifier>{02535d6d-41bf-4ac0-b32b-958f02250047}</UniqueIdentifier>
    </Filter>
    <Filter Include="Pliki źródłowe\WINAPI">
      <UniqueIdentifier>{00936de4-bd84-4137-ae65-f52c28484a61}</UniqueIdentifier>
    </Filter>
  </ItemGroup>
  <ItemGroup>
    <ClInclude Include="CLIENT\HEADERS\CLIENT_fun.h">
      <Filter>Pliki nagłówkowe\CLIENT</Filter>
    </ClInclude>
    <ClInclude Include="CLIENT\HEADERS\CLIENT_GameObjects.h">
      <Filter>Pliki nagłówkowe\CLIENT</Filter>
    </ClInclude>
    <ClInclude Include="HEADERS\DIRECTINPUT.h">
      <Filter>Pliki nagłówkowe\ACTIONS_MODULE</Filter>
    </ClInclude>
    <ClInclude Include="HEADERS\GAMEINPUT.h">
      <Filter>Pliki nagłówkowe\ACTIONS_MODULE</Filter>
    </ClInclude>
    <ClInclude Include="HEADERS\PlayerInput.h">
      <Filter>Pliki nagłówkowe\ACTIONS_MODULE</Filter>
    </ClInclude>
    <ClInclude Include="HEADERS\Camera.h">
      <Filter>Pliki nagłówkowe\GRAPHICS_MODULE</Filter>
    </ClInclude>
    <ClInclude Include="HEADERS\GUI.h">
      <Filter>Pliki nagłówkowe\GRAPHICS_MODULE</Filter>
    </ClInclude>
    <ClInclude Include="HEADERS\Light.h">
      <Filter>Pliki nagłówkowe\GRAPHICS_MODULE</Filter>
    </ClInclude>
    <ClInclude Include="HEADERS\GAMElogic.h">
      <Filter>Pliki nagłówkowe\INIT</Filter>
    </ClInclude>
    <ClInclude Include="HEADERS\GrudiEngine.h">
      <Filter>Pliki nagłówkowe\INIT</Filter>
    </ClInclude>
    <ClInclude Include="HEADERS\GUICONST.h">
      <Filter>Pliki nagłówkowe\GRAPHICS_MODULE</Filter>
    </ClInclude>
    <ClInclude Include="HEADERS\BulletCollision.h">
      <Filter>Pliki nagłówkowe\PHYSICS_MODULE</Filter>
    </ClInclude>
    <ClInclude Include="HEADERS\PhysicsModuleConst.h">
      <Filter>Pliki nagłówkowe\PHYSICS_MODULE</Filter>
    </ClInclude>
    <ClInclude Include="HEADERS\CollisionDetection.h">
      <Filter>Pliki nagłówkowe\PHYSICS_MODULE</Filter>
    </ClInclude>
    <ClInclude Include="HEADERS\FONT.h">
      <Filter>Pliki nagłówkowe\GRAPHICS_MODULE</Filter>
    </ClInclude>
    <ClInclude Include="HEADERS\Bot.h">
      <Filter>Pliki nagłówkowe\OBJECTS</Filter>
    </ClInclude>
    <ClInclude Include="HEADERS\Character.h">
      <Filter>Pliki nagłówkowe\OBJECTS</Filter>
    </ClInclude>
    <ClInclude Include="HEADERS\CharacterRegister.h">
      <Filter>Pliki nagłówkowe\OBJECTS</Filter>
    </ClInclude>
    <ClInclude Include="HEADERS\DynamicCharacter.h">
      <Filter>Pliki nagłówkowe\OBJECTS</Filter>
    </ClInclude>
    <ClInclude Include="HEADERS\Gun.h">
      <Filter>Pliki nagłówkowe\OBJECTS</Filter>
    </ClInclude>
    <ClInclude Include="HEADERS\Map.h">
      <Filter>Pliki nagłówkowe\OBJECTS</Filter>
    </ClInclude>
    <ClInclude Include="HEADERS\Model3D.h">
      <Filter>Pliki nagłówkowe\OBJECTS</Filter>
    </ClInclude>
    <ClInclude Include="HEADERS\OBJmodel.h">
      <Filter>Pliki nagłówkowe\OBJECTS</Filter>
    </ClInclude>
    <ClInclude Include="HEADERS\Weapon.h">
      <Filter>Pliki nagłówkowe\OBJECTS</Filter>
    </ClInclude>
    <ClInclude Include="HEADERS\GamePhysicsStruct.h">
      <Filter>Pliki nagłówkowe\PHYSICS_MODULE</Filter>
    </ClInclude>
    <ClInclude Include="HEADERS\LOGFILE.h">
      <Filter>Pliki nagłówkowe\OTHER</Filter>
    </ClInclude>
    <ClInclude Include="HEADERS\Matrix.h">
      <Filter>Pliki nagłówkowe\OTHER</Filter>
    </ClInclude>
    <ClInclude Include="HEADERS\Quaternion.h">
      <Filter>Pliki nagłówkowe\OTHER</Filter>
    </ClInclude>
    <ClInclude Include="HEADERS\SpecialMath.h">
      <Filter>Pliki nagłówkowe\OTHER</Filter>
    </ClInclude>
    <ClInclude Include="HEADERS\TIMER.h">
      <Filter>Pliki nagłówkowe\OTHER</Filter>
    </ClInclude>
    <ClInclude Include="HEADERS\Vector.h">
      <Filter>Pliki nagłówkowe\OTHER</Filter>
    </ClInclude>
    <ClInclude Include="HEADERS\WeaponDatabase.h">
      <Filter>Pliki nagłówkowe\OTHER</Filter>
    </ClInclude>
    <ClInclude Include="HEADERS\Manager.h">
      <Filter>Pliki nagłówkowe\MANAGERS</Filter>
    </ClInclude>
    <ClInclude Include="HEADERS\ActionsMODULE.h">
      <Filter>Pliki nagłówkowe\ACTIONS_MODULE</Filter>
    </ClInclude>
    <ClInclude Include="HEADERS\PlayerSignal.h">
      <Filter>Pliki nagłówkowe\ACTIONS_MODULE</Filter>
    </ClInclude>
    <ClInclude Include="HEADERS\PhysicsMODULE.h">
      <Filter>Pliki nagłówkowe\PHYSICS_MODULE</Filter>
    </ClInclude>
    <ClInclude Include="HEADERS\ModulesAdmin.h">
      <Filter>Pliki nagłówkowe\MANAGERS</Filter>
    </ClInclude>
    <ClInclude Include="HEADERS\GraphicsMODULE.h">
      <Filter>Pliki nagłówkowe\GRAPHICS_MODULE</Filter>
    </ClInclude>
    <ClInclude Include="HEADERS\BotsActions_TODELETE.h">
      <Filter>Pliki nagłówkowe\ACTIONS_MODULE</Filter>
    </ClInclude>
    <ClInclude Include="HEADERS\GameObjects.h">
      <Filter>Pliki nagłówkowe\OBJECTS</Filter>
    </ClInclude>
    <ClInclude Include="CLIENT\HEADERS\CLIENT_Player.h">
      <Filter>Pliki nagłówkowe\CLIENT</Filter>
    </ClInclude>
    <ClInclude Include="HEADERS\PhysicsModels.h">
      <Filter>Pliki nagłówkowe\PHYSICS_MODULE</Filter>
    </ClInclude>
    <ClInclude Include="HEADERS\PhysicsModelImpl.h">
      <Filter>Pliki nagłówkowe\PHYSICS_MODULE</Filter>
    </ClInclude>
    <ClInclude Include="HEADERS\CharacterPhysicsModels.h">
      <Filter>Pliki nagłówkowe\PHYSICS_MODULE</Filter>
    </ClInclude>
    <ClInclude Include="HEADERS\CharacterPhysicsModelsRegister.h">
      <Filter>Pliki nagłówkowe\PHYSICS_MODULE</Filter>
    </ClInclude>
    <ClInclude Include="HEADERS\StandardCollision.h">
      <Filter>Pliki nagłówkowe\PHYSICS_MODULE</Filter>
    </ClInclude>
    <ClInclude Include="HEADERS\ActionsImpl.h">
      <Filter>Pliki nagłówkowe\ACTIONS_MODULE</Filter>
    </ClInclude>
    <ClInclude Include="HEADERS\GAMEINPUT_CONSTANTS.h">
      <Filter>Pliki nagłówkowe\ACTIONS_MODULE</Filter>
    </ClInclude>
    <ClInclude Include="HEADERS\InputDevImpl.h">
      <Filter>Pliki nagłówkowe\ACTIONS_MODULE</Filter>
    </ClInclude>
    <ClInclude Include="HEADERS\InputDevSignalImpl.h">
      <Filter>Pliki nagłówkowe\ACTIONS_MODULE</Filter>
    </ClInclude>
    <ClInclude Include="HEADERS\InputSystemImpl.h">
      <Filter>Pliki nagłówkowe\ACTIONS_MODULE</Filter>
    </ClInclude>
    <ClInclude Include="HEADERS\InputFunImpl.h">
      <Filter>Pliki nagłówkowe\ACTIONS_MODULE</Filter>
    </ClInclude>
    <ClInclude Include="HEADERS\InputModuleImpl.h">
      <Filter>Pliki nagłówkowe\ACTIONS_MODULE</Filter>
    </ClInclude>
    <ClInclude Include="HEADERS\ActionsModuleActions.h">
      <Filter>Pliki nagłówkowe\ACTIONS_MODULE</Filter>
    </ClInclude>
    <ClInclude Include="HEADERS\CONSOLE.h">
      <Filter>Pliki nagłówkowe\CONSOLE</Filter>
    </ClInclude>
    <ClInclude Include="HEADERS\ConsoleInput.h">
      <Filter>Pliki nagłówkowe\CONSOLE</Filter>
    </ClInclude>
    <ClInclude Include="HEADERS\ConsoleInputActions.h">
      <Filter>Pliki nagłówkowe\CONSOLE</Filter>
    </ClInclude>
    <ClInclude Include="HEADERS\WinAPIheaders.h">
      <Filter>Pliki nagłówkowe\WINAPI</Filter>
    </ClInclude>
    <ClInclude Include="HEADERS\WinAPImessages.h">
      <Filter>Pliki nagłówkowe\WINAPI</Filter>
    </ClInclude>
    <ClInclude Include="HEADERS\WinAPIwindow.h">
      <Filter>Pliki nagłówkowe\WINAPI</Filter>
    </ClInclude>
    <ClInclude Include="HEADERS\WINAPI_INPUT.h">
      <Filter>Pliki nagłówkowe\WINAPI</Filter>
    </ClInclude>
    <ClInclude Include="HEADERS\StandardActions.h">
      <Filter>Pliki nagłówkowe\ACTIONS_MODULE</Filter>
    </ClInclude>
  </ItemGroup>
  <ItemGroup>
    <ClCompile Include="CLIENT\SRC\CLIENT_fun.cpp">
      <Filter>Pliki źródłowe\CLIENT</Filter>
    </ClCompile>
    <ClCompile Include="CLIENT\SRC\CLIENT_main.cpp">
      <Filter>Pliki źródłowe\CLIENT</Filter>
    </ClCompile>
    <ClCompile Include="CLIENT\SRC\CLIENT_GameObjects.cpp">
      <Filter>Pliki źródłowe\CLIENT</Filter>
    </ClCompile>
    <ClCompile Include="SRC\DIRECTINPUT.cpp">
      <Filter>Pliki źródłowe\ACTIONS_MODULE</Filter>
    </ClCompile>
    <ClCompile Include="SRC\GAMEINPUT.cpp">
      <Filter>Pliki źródłowe\ACTIONS_MODULE</Filter>
    </ClCompile>
    <ClCompile Include="SRC\PlayerInput.cpp">
      <Filter>Pliki źródłowe\ACTIONS_MODULE</Filter>
    </ClCompile>
    <ClCompile Include="SRC\Camera.cpp">
      <Filter>Pliki źródłowe\GRAPHICS_MODULE</Filter>
    </ClCompile>
    <ClCompile Include="SRC\FONT.cpp">
      <Filter>Pliki źródłowe\GRAPHICS_MODULE</Filter>
    </ClCompile>
    <ClCompile Include="SRC\GUI.cpp">
      <Filter>Pliki źródłowe\GRAPHICS_MODULE</Filter>
    </ClCompile>
    <ClCompile Include="SRC\Light.cpp">
      <Filter>Pliki źródłowe\GRAPHICS_MODULE</Filter>
    </ClCompile>
    <ClCompile Include="SRC\GAMElogic.cpp">
      <Filter>Pliki źródłowe\INIT</Filter>
    </ClCompile>
    <ClCompile Include="SRC\WinMain.cpp">
      <Filter>Pliki źródłowe\INIT</Filter>
    </ClCompile>
    <ClCompile Include="SRC\Bot.cpp">
      <Filter>Pliki źródłowe\OBJECTS</Filter>
    </ClCompile>
    <ClCompile Include="SRC\Character.cpp">
      <Filter>Pliki źródłowe\OBJECTS</Filter>
    </ClCompile>
    <ClCompile Include="SRC\CharacterRegister.cpp">
      <Filter>Pliki źródłowe\OBJECTS</Filter>
    </ClCompile>
    <ClCompile Include="SRC\DynamicCharacter.cpp">
      <Filter>Pliki źródłowe\OBJECTS</Filter>
    </ClCompile>
    <ClCompile Include="SRC\Gun.cpp">
      <Filter>Pliki źródłowe\OBJECTS</Filter>
    </ClCompile>
    <ClCompile Include="SRC\Map.cpp">
      <Filter>Pliki źródłowe\OBJECTS</Filter>
    </ClCompile>
    <ClCompile Include="SRC\OBJmodel.cpp">
      <Filter>Pliki źródłowe\OBJECTS</Filter>
    </ClCompile>
    <ClCompile Include="SRC\BulletCollision.cpp">
      <Filter>Pliki źródłowe\PHYSICS_MODULE</Filter>
    </ClCompile>
    <ClCompile Include="SRC\CollisionDetection.cpp">
      <Filter>Pliki źródłowe\PHYSICS_MODULE</Filter>
    </ClCompile>
    <ClCompile Include="SRC\LOGFILE.cpp">
      <Filter>Pliki źródłowe\OTHER</Filter>
    </ClCompile>
    <ClCompile Include="SRC\Matrix.cpp">
      <Filter>Pliki źródłowe\OTHER</Filter>
    </ClCompile>
    <ClCompile Include="SRC\Quaternion.cpp">
      <Filter>Pliki źródłowe\OTHER</Filter>
    </ClCompile>
    <ClCompile Include="SRC\SpecialMath.cpp">
      <Filter>Pliki źródłowe\OTHER</Filter>
    </ClCompile>
    <ClCompile Include="SRC\TIMER.cpp">
      <Filter>Pliki źródłowe\OTHER</Filter>
    </ClCompile>
    <ClCompile Include="SRC\Vector.cpp">
      <Filter>Pliki źródłowe\OTHER</Filter>
    </ClCompile>
    <ClCompile Include="SRC\WeaponDatabase.cpp">
      <Filter>Pliki źródłowe\OTHER</Filter>
    </ClCompile>
    <ClCompile Include="SRC\PhysicsMODULE.cpp">
      <Filter>Pliki źródłowe\PHYSICS_MODULE</Filter>
    </ClCompile>
    <ClCompile Include="SRC\ModulesAdmin.cpp">
      <Filter>Pliki źródłowe\MANAGERS</Filter>
    </ClCompile>
    <ClCompile Include="SRC\GraphicsMODULE.cpp">
      <Filter>Pliki źródłowe\GRAPHICS_MODULE</Filter>
    </ClCompile>
    <ClCompile Include="SRC\BotsActions_TODELETE.cpp">
      <Filter>Pliki źródłowe\ACTIONS_MODULE</Filter>
    </ClCompile>
    <ClCompile Include="CLIENT\SRC\CLIENT_Player.cpp">
      <Filter>Pliki źródłowe\CLIENT</Filter>
    </ClCompile>
    <ClCompile Include="SRC\CharacterPhysicsModels.cpp">
      <Filter>Pliki źródłowe\PHYSICS_MODULE</Filter>
    </ClCompile>
    <ClCompile Include="SRC\CharacterPhysicsModelsRegister.cpp">
      <Filter>Pliki źródłowe\PHYSICS_MODULE</Filter>
    </ClCompile>
    <ClCompile Include="SRC\StandardCollision.cpp">
      <Filter>Pliki źródłowe\PHYSICS_MODULE</Filter>
    </ClCompile>
    <ClCompile Include="SRC\ActionsImpl.cpp">
      <Filter>Pliki źródłowe\ACTIONS_MODULE</Filter>
    </ClCompile>
    <ClCompile Include="SRC\InputDevImpl.cpp">
      <Filter>Pliki źródłowe\ACTIONS_MODULE</Filter>
    </ClCompile>
    <ClCompile Include="SRC\InputSystemImpl.cpp">
      <Filter>Pliki źródłowe\ACTIONS_MODULE</Filter>
    </ClCompile>
    <ClCompile Include="SRC\ActionsMODULE.cpp">
      <Filter>Pliki źródłowe\ACTIONS_MODULE</Filter>
    </ClCompile>
    <ClCompile Include="SRC\CONSOLE.cpp">
      <Filter>Pliki źródłowe\CONSOLE</Filter>
    </ClCompile>
    <ClCompile Include="SRC\ConsoleInput.cpp">
      <Filter>Pliki źródłowe\CONSOLE</Filter>
    </ClCompile>
    <ClCompile Include="SRC\WinAPImessages.cpp">
      <Filter>Pliki źródłowe\WINAPI</Filter>
    </ClCompile>
    <ClCompile Include="SRC\WinAPIwindow.cpp">
      <Filter>Pliki źródłowe\WINAPI</Filter>
    </ClCompile>
    <ClCompile Include="SRC\WINAPI_INPUT.cpp">
      <Filter>Pliki źródłowe\WINAPI</Filter>
    </ClCompile>
  </ItemGroup>
  <ItemGroup>
    <Text Include="RESOURCES\WeaponDatabase.txt">
      <Filter>Pliki zasobów</Filter>
    </Text>
  </ItemGroup>
</Project>